
Microsoft Visual Studio Solution File, Format Version 12.00
# Visual Studio Version 17
VisualStudioVersion = 17.11.35222.181
MinimumVisualStudioVersion = 10.0.40219.1
Project("{FAE04EC0-301F-11D3-BF4B-00C04F79EFBC}") = "Lab-6", "Lab-6.csproj", "{21506404-F048-4057-8537-F8C50CCAECDE}"
EndProject
Global
	GlobalSection(SolutionConfigurationPlatforms) = preSolution
		Debug|Any CPU = Debug|Any CPU
		Release|Any CPU = Release|Any CPU
	EndGlobalSection
	GlobalSection(ProjectConfigurationPlatforms) = postSolution
		{21506404-F048-4057-8537-F8C50CCAECDE}.Debug|Any CPU.ActiveCfg = Debug|Any CPU
		{21506404-F048-4057-8537-F8C50CCAECDE}.Debug|Any CPU.Build.0 = Debug|Any CPU
		{21506404-F048-4057-8537-F8C50CCAECDE}.Release|Any CPU.ActiveCfg = Release|Any CPU
		{21506404-F048-4057-8537-F8C50CCAECDE}.Release|Any CPU.Build.0 = Release|Any CPU
	EndGlobalSection
	GlobalSection(SolutionProperties) = preSolution
		HideSolutionNode = FALSE
	EndGlobalSection
	GlobalSection(ExtensibilityGlobals) = postSolution
		SolutionGuid = {5E03CA1E-C9C4-4B2F-9822-4FEC1C959FBD}
	EndGlobalSection
EndGlobal
